
Microsoft Visual Studio Solution File, Format Version 12.00
# Visual Studio 15
VisualStudioVersion = 15.0.26124.0
MinimumVisualStudioVersion = 15.0.26124.0
Project("{FAE04EC0-301F-11D3-BF4B-00C04F79EFBC}") = "TestCommon", "..\TestCommon\TestCommon.csproj", "{1588A51B-C1F3-46B4-9FA4-803524494E4B}"
EndProject
Project("{FAE04EC0-301F-11D3-BF4B-00C04F79EFBC}") = "A4", "A4\A4.csproj", "{18571097-4539-44FD-9B00-73436AB84DD2}"
EndProject
Project("{FAE04EC0-301F-11D3-BF4B-00C04F79EFBC}") = "A4.Tests", "A4.Tests\A4.Tests.csproj", "{2C08B3E5-C186-43CE-BFDF-CDDAE688109A}"
EndProject
Global
	GlobalSection(SolutionConfigurationPlatforms) = preSolution
		Debug|Any CPU = Debug|Any CPU
		Debug|x64 = Debug|x64
		Debug|x86 = Debug|x86
		Release|Any CPU = Release|Any CPU
		Release|x64 = Release|x64
		Release|x86 = Release|x86
	EndGlobalSection
	GlobalSection(SolutionProperties) = preSolution
		HideSolutionNode = FALSE
	EndGlobalSection
	GlobalSection(ProjectConfigurationPlatforms) = postSolution
		{1588A51B-C1F3-46B4-9FA4-803524494E4B}.Debug|Any CPU.ActiveCfg = Debug|Any CPU
		{1588A51B-C1F3-46B4-9FA4-803524494E4B}.Debug|Any CPU.Build.0 = Debug|Any CPU
		{1588A51B-C1F3-46B4-9FA4-803524494E4B}.Debug|x64.ActiveCfg = Debug|Any CPU
		{1588A51B-C1F3-46B4-9FA4-803524494E4B}.Debug|x64.Build.0 = Debug|Any CPU
		{1588A51B-C1F3-46B4-9FA4-803524494E4B}.Debug|x86.ActiveCfg = Debug|Any CPU
		{1588A51B-C1F3-46B4-9FA4-803524494E4B}.Debug|x86.Build.0 = Debug|Any CPU
		{1588A51B-C1F3-46B4-9FA4-803524494E4B}.Release|Any CPU.ActiveCfg = Release|Any CPU
		{1588A51B-C1F3-46B4-9FA4-803524494E4B}.Release|Any CPU.Build.0 = Release|Any CPU
		{1588A51B-C1F3-46B4-9FA4-803524494E4B}.Release|x64.ActiveCfg = Release|Any CPU
		{1588A51B-C1F3-46B4-9FA4-803524494E4B}.Release|x64.Build.0 = Release|Any CPU
		{1588A51B-C1F3-46B4-9FA4-803524494E4B}.Release|x86.ActiveCfg = Release|Any CPU
		{1588A51B-C1F3-46B4-9FA4-803524494E4B}.Release|x86.Build.0 = Release|Any CPU
		{18571097-4539-44FD-9B00-73436AB84DD2}.Debug|Any CPU.ActiveCfg = Debug|Any CPU
		{18571097-4539-44FD-9B00-73436AB84DD2}.Debug|Any CPU.Build.0 = Debug|Any CPU
		{18571097-4539-44FD-9B00-73436AB84DD2}.Debug|x64.ActiveCfg = Debug|Any CPU
		{18571097-4539-44FD-9B00-73436AB84DD2}.Debug|x64.Build.0 = Debug|Any CPU
		{18571097-4539-44FD-9B00-73436AB84DD2}.Debug|x86.ActiveCfg = Debug|Any CPU
		{18571097-4539-44FD-9B00-73436AB84DD2}.Debug|x86.Build.0 = Debug|Any CPU
		{18571097-4539-44FD-9B00-73436AB84DD2}.Release|Any CPU.ActiveCfg = Release|Any CPU
		{18571097-4539-44FD-9B00-73436AB84DD2}.Release|Any CPU.Build.0 = Release|Any CPU
		{18571097-4539-44FD-9B00-73436AB84DD2}.Release|x64.ActiveCfg = Release|Any CPU
		{18571097-4539-44FD-9B00-73436AB84DD2}.Release|x64.Build.0 = Release|Any CPU
		{18571097-4539-44FD-9B00-73436AB84DD2}.Release|x86.ActiveCfg = Release|Any CPU
		{18571097-4539-44FD-9B00-73436AB84DD2}.Release|x86.Build.0 = Release|Any CPU
		{2C08B3E5-C186-43CE-BFDF-CDDAE688109A}.Debug|Any CPU.ActiveCfg = Debug|Any CPU
		{2C08B3E5-C186-43CE-BFDF-CDDAE688109A}.Debug|Any CPU.Build.0 = Debug|Any CPU
		{2C08B3E5-C186-43CE-BFDF-CDDAE688109A}.Debug|x64.ActiveCfg = Debug|Any CPU
		{2C08B3E5-C186-43CE-BFDF-CDDAE688109A}.Debug|x64.Build.0 = Debug|Any CPU
		{2C08B3E5-C186-43CE-BFDF-CDDAE688109A}.Debug|x86.ActiveCfg = Debug|Any CPU
		{2C08B3E5-C186-43CE-BFDF-CDDAE688109A}.Debug|x86.Build.0 = Debug|Any CPU
		{2C08B3E5-C186-43CE-BFDF-CDDAE688109A}.Release|Any CPU.ActiveCfg = Release|Any CPU
		{2C08B3E5-C186-43CE-BFDF-CDDAE688109A}.Release|Any CPU.Build.0 = Release|Any CPU
		{2C08B3E5-C186-43CE-BFDF-CDDAE688109A}.Release|x64.ActiveCfg = Release|Any CPU
		{2C08B3E5-C186-43CE-BFDF-CDDAE688109A}.Release|x64.Build.0 = Release|Any CPU
		{2C08B3E5-C186-43CE-BFDF-CDDAE688109A}.Release|x86.ActiveCfg = Release|Any CPU
		{2C08B3E5-C186-43CE-BFDF-CDDAE688109A}.Release|x86.Build.0 = Release|Any CPU
	EndGlobalSection
EndGlobal
