
Microsoft Visual Studio Solution File, Format Version 12.00
# Visual Studio 15
VisualStudioVersion = 15.0.26124.0
MinimumVisualStudioVersion = 15.0.26124.0
Project("{FAE04EC0-301F-11D3-BF4B-00C04F79EFBC}") = "TestCommon", "..\..\TestCommon\TestCommon.csproj", "{68AB1827-5428-48F3-BF98-B9C1F1277D8D}"
EndProject
Project("{FAE04EC0-301F-11D3-BF4B-00C04F79EFBC}") = "C6", "C6\C6.csproj", "{0F2ACB90-9F31-4515-8F3E-DF42327106BB}"
EndProject
Project("{FAE04EC0-301F-11D3-BF4B-00C04F79EFBC}") = "C6.Tests", "C6.Tests\C6.Tests.csproj", "{1A7CB233-3879-4EC9-8818-0761C8CA554E}"
EndProject
Global
	GlobalSection(SolutionConfigurationPlatforms) = preSolution
		Debug|Any CPU = Debug|Any CPU
		Debug|x64 = Debug|x64
		Debug|x86 = Debug|x86
		Release|Any CPU = Release|Any CPU
		Release|x64 = Release|x64
		Release|x86 = Release|x86
	EndGlobalSection
	GlobalSection(SolutionProperties) = preSolution
		HideSolutionNode = FALSE
	EndGlobalSection
	GlobalSection(ProjectConfigurationPlatforms) = postSolution
		{68AB1827-5428-48F3-BF98-B9C1F1277D8D}.Debug|Any CPU.ActiveCfg = Debug|Any CPU
		{68AB1827-5428-48F3-BF98-B9C1F1277D8D}.Debug|Any CPU.Build.0 = Debug|Any CPU
		{68AB1827-5428-48F3-BF98-B9C1F1277D8D}.Debug|x64.ActiveCfg = Debug|Any CPU
		{68AB1827-5428-48F3-BF98-B9C1F1277D8D}.Debug|x64.Build.0 = Debug|Any CPU
		{68AB1827-5428-48F3-BF98-B9C1F1277D8D}.Debug|x86.ActiveCfg = Debug|Any CPU
		{68AB1827-5428-48F3-BF98-B9C1F1277D8D}.Debug|x86.Build.0 = Debug|Any CPU
		{68AB1827-5428-48F3-BF98-B9C1F1277D8D}.Release|Any CPU.ActiveCfg = Release|Any CPU
		{68AB1827-5428-48F3-BF98-B9C1F1277D8D}.Release|Any CPU.Build.0 = Release|Any CPU
		{68AB1827-5428-48F3-BF98-B9C1F1277D8D}.Release|x64.ActiveCfg = Release|Any CPU
		{68AB1827-5428-48F3-BF98-B9C1F1277D8D}.Release|x64.Build.0 = Release|Any CPU
		{68AB1827-5428-48F3-BF98-B9C1F1277D8D}.Release|x86.ActiveCfg = Release|Any CPU
		{68AB1827-5428-48F3-BF98-B9C1F1277D8D}.Release|x86.Build.0 = Release|Any CPU
		{0F2ACB90-9F31-4515-8F3E-DF42327106BB}.Debug|Any CPU.ActiveCfg = Debug|Any CPU
		{0F2ACB90-9F31-4515-8F3E-DF42327106BB}.Debug|Any CPU.Build.0 = Debug|Any CPU
		{0F2ACB90-9F31-4515-8F3E-DF42327106BB}.Debug|x64.ActiveCfg = Debug|Any CPU
		{0F2ACB90-9F31-4515-8F3E-DF42327106BB}.Debug|x64.Build.0 = Debug|Any CPU
		{0F2ACB90-9F31-4515-8F3E-DF42327106BB}.Debug|x86.ActiveCfg = Debug|Any CPU
		{0F2ACB90-9F31-4515-8F3E-DF42327106BB}.Debug|x86.Build.0 = Debug|Any CPU
		{0F2ACB90-9F31-4515-8F3E-DF42327106BB}.Release|Any CPU.ActiveCfg = Release|Any CPU
		{0F2ACB90-9F31-4515-8F3E-DF42327106BB}.Release|Any CPU.Build.0 = Release|Any CPU
		{0F2ACB90-9F31-4515-8F3E-DF42327106BB}.Release|x64.ActiveCfg = Release|Any CPU
		{0F2ACB90-9F31-4515-8F3E-DF42327106BB}.Release|x64.Build.0 = Release|Any CPU
		{0F2ACB90-9F31-4515-8F3E-DF42327106BB}.Release|x86.ActiveCfg = Release|Any CPU
		{0F2ACB90-9F31-4515-8F3E-DF42327106BB}.Release|x86.Build.0 = Release|Any CPU
		{1A7CB233-3879-4EC9-8818-0761C8CA554E}.Debug|Any CPU.ActiveCfg = Debug|Any CPU
		{1A7CB233-3879-4EC9-8818-0761C8CA554E}.Debug|Any CPU.Build.0 = Debug|Any CPU
		{1A7CB233-3879-4EC9-8818-0761C8CA554E}.Debug|x64.ActiveCfg = Debug|Any CPU
		{1A7CB233-3879-4EC9-8818-0761C8CA554E}.Debug|x64.Build.0 = Debug|Any CPU
		{1A7CB233-3879-4EC9-8818-0761C8CA554E}.Debug|x86.ActiveCfg = Debug|Any CPU
		{1A7CB233-3879-4EC9-8818-0761C8CA554E}.Debug|x86.Build.0 = Debug|Any CPU
		{1A7CB233-3879-4EC9-8818-0761C8CA554E}.Release|Any CPU.ActiveCfg = Release|Any CPU
		{1A7CB233-3879-4EC9-8818-0761C8CA554E}.Release|Any CPU.Build.0 = Release|Any CPU
		{1A7CB233-3879-4EC9-8818-0761C8CA554E}.Release|x64.ActiveCfg = Release|Any CPU
		{1A7CB233-3879-4EC9-8818-0761C8CA554E}.Release|x64.Build.0 = Release|Any CPU
		{1A7CB233-3879-4EC9-8818-0761C8CA554E}.Release|x86.ActiveCfg = Release|Any CPU
		{1A7CB233-3879-4EC9-8818-0761C8CA554E}.Release|x86.Build.0 = Release|Any CPU
	EndGlobalSection
EndGlobal
