
Microsoft Visual Studio Solution File, Format Version 12.00
# Visual Studio 15
VisualStudioVersion = 15.0.26124.0
MinimumVisualStudioVersion = 15.0.26124.0
Project("{FAE04EC0-301F-11D3-BF4B-00C04F79EFBC}") = "TestCommon", "..\TestCommon\TestCommon.csproj", "{D3524ADD-983A-4FC9-A612-331BD890C0E2}"
EndProject
Project("{FAE04EC0-301F-11D3-BF4B-00C04F79EFBC}") = "E2", "E2\E2.csproj", "{F5D084DF-FF8D-4898-A7F9-4DA9E4704470}"
EndProject
Project("{FAE04EC0-301F-11D3-BF4B-00C04F79EFBC}") = "E2.Tests", "E2.Tests\E2.Tests.csproj", "{3A5A08C0-F891-46BE-8F74-2D5EE972937A}"
EndProject
Global
	GlobalSection(SolutionConfigurationPlatforms) = preSolution
		Debug|Any CPU = Debug|Any CPU
		Debug|x64 = Debug|x64
		Debug|x86 = Debug|x86
		Release|Any CPU = Release|Any CPU
		Release|x64 = Release|x64
		Release|x86 = Release|x86
	EndGlobalSection
	GlobalSection(SolutionProperties) = preSolution
		HideSolutionNode = FALSE
	EndGlobalSection
	GlobalSection(ProjectConfigurationPlatforms) = postSolution
		{D3524ADD-983A-4FC9-A612-331BD890C0E2}.Debug|Any CPU.ActiveCfg = Debug|Any CPU
		{D3524ADD-983A-4FC9-A612-331BD890C0E2}.Debug|Any CPU.Build.0 = Debug|Any CPU
		{D3524ADD-983A-4FC9-A612-331BD890C0E2}.Debug|x64.ActiveCfg = Debug|Any CPU
		{D3524ADD-983A-4FC9-A612-331BD890C0E2}.Debug|x64.Build.0 = Debug|Any CPU
		{D3524ADD-983A-4FC9-A612-331BD890C0E2}.Debug|x86.ActiveCfg = Debug|Any CPU
		{D3524ADD-983A-4FC9-A612-331BD890C0E2}.Debug|x86.Build.0 = Debug|Any CPU
		{D3524ADD-983A-4FC9-A612-331BD890C0E2}.Release|Any CPU.ActiveCfg = Release|Any CPU
		{D3524ADD-983A-4FC9-A612-331BD890C0E2}.Release|Any CPU.Build.0 = Release|Any CPU
		{D3524ADD-983A-4FC9-A612-331BD890C0E2}.Release|x64.ActiveCfg = Release|Any CPU
		{D3524ADD-983A-4FC9-A612-331BD890C0E2}.Release|x64.Build.0 = Release|Any CPU
		{D3524ADD-983A-4FC9-A612-331BD890C0E2}.Release|x86.ActiveCfg = Release|Any CPU
		{D3524ADD-983A-4FC9-A612-331BD890C0E2}.Release|x86.Build.0 = Release|Any CPU
		{F5D084DF-FF8D-4898-A7F9-4DA9E4704470}.Debug|Any CPU.ActiveCfg = Debug|Any CPU
		{F5D084DF-FF8D-4898-A7F9-4DA9E4704470}.Debug|Any CPU.Build.0 = Debug|Any CPU
		{F5D084DF-FF8D-4898-A7F9-4DA9E4704470}.Debug|x64.ActiveCfg = Debug|Any CPU
		{F5D084DF-FF8D-4898-A7F9-4DA9E4704470}.Debug|x64.Build.0 = Debug|Any CPU
		{F5D084DF-FF8D-4898-A7F9-4DA9E4704470}.Debug|x86.ActiveCfg = Debug|Any CPU
		{F5D084DF-FF8D-4898-A7F9-4DA9E4704470}.Debug|x86.Build.0 = Debug|Any CPU
		{F5D084DF-FF8D-4898-A7F9-4DA9E4704470}.Release|Any CPU.ActiveCfg = Release|Any CPU
		{F5D084DF-FF8D-4898-A7F9-4DA9E4704470}.Release|Any CPU.Build.0 = Release|Any CPU
		{F5D084DF-FF8D-4898-A7F9-4DA9E4704470}.Release|x64.ActiveCfg = Release|Any CPU
		{F5D084DF-FF8D-4898-A7F9-4DA9E4704470}.Release|x64.Build.0 = Release|Any CPU
		{F5D084DF-FF8D-4898-A7F9-4DA9E4704470}.Release|x86.ActiveCfg = Release|Any CPU
		{F5D084DF-FF8D-4898-A7F9-4DA9E4704470}.Release|x86.Build.0 = Release|Any CPU
		{3A5A08C0-F891-46BE-8F74-2D5EE972937A}.Debug|Any CPU.ActiveCfg = Debug|Any CPU
		{3A5A08C0-F891-46BE-8F74-2D5EE972937A}.Debug|Any CPU.Build.0 = Debug|Any CPU
		{3A5A08C0-F891-46BE-8F74-2D5EE972937A}.Debug|x64.ActiveCfg = Debug|Any CPU
		{3A5A08C0-F891-46BE-8F74-2D5EE972937A}.Debug|x64.Build.0 = Debug|Any CPU
		{3A5A08C0-F891-46BE-8F74-2D5EE972937A}.Debug|x86.ActiveCfg = Debug|Any CPU
		{3A5A08C0-F891-46BE-8F74-2D5EE972937A}.Debug|x86.Build.0 = Debug|Any CPU
		{3A5A08C0-F891-46BE-8F74-2D5EE972937A}.Release|Any CPU.ActiveCfg = Release|Any CPU
		{3A5A08C0-F891-46BE-8F74-2D5EE972937A}.Release|Any CPU.Build.0 = Release|Any CPU
		{3A5A08C0-F891-46BE-8F74-2D5EE972937A}.Release|x64.ActiveCfg = Release|Any CPU
		{3A5A08C0-F891-46BE-8F74-2D5EE972937A}.Release|x64.Build.0 = Release|Any CPU
		{3A5A08C0-F891-46BE-8F74-2D5EE972937A}.Release|x86.ActiveCfg = Release|Any CPU
		{3A5A08C0-F891-46BE-8F74-2D5EE972937A}.Release|x86.Build.0 = Release|Any CPU
	EndGlobalSection
EndGlobal
