
Microsoft Visual Studio Solution File, Format Version 12.00
# Visual Studio 15
VisualStudioVersion = 15.0.26124.0
MinimumVisualStudioVersion = 15.0.26124.0
Project("{FAE04EC0-301F-11D3-BF4B-00C04F79EFBC}") = "TestCommon", "..\TestCommon\TestCommon.csproj", "{3D4760D0-0362-425B-9F62-57858FF9733A}"
EndProject
Project("{FAE04EC0-301F-11D3-BF4B-00C04F79EFBC}") = "A6", "A6\A6.csproj", "{7EF4F715-0509-4357-B4CA-5B0E6D70D06B}"
EndProject
Project("{FAE04EC0-301F-11D3-BF4B-00C04F79EFBC}") = "A6.Tests", "A6.Tests\A6.Tests.csproj", "{92BFC3E1-7814-4A27-94CD-43229EE4827C}"
EndProject
Global
	GlobalSection(SolutionConfigurationPlatforms) = preSolution
		Debug|Any CPU = Debug|Any CPU
		Debug|x64 = Debug|x64
		Debug|x86 = Debug|x86
		Release|Any CPU = Release|Any CPU
		Release|x64 = Release|x64
		Release|x86 = Release|x86
	EndGlobalSection
	GlobalSection(SolutionProperties) = preSolution
		HideSolutionNode = FALSE
	EndGlobalSection
	GlobalSection(ProjectConfigurationPlatforms) = postSolution
		{3D4760D0-0362-425B-9F62-57858FF9733A}.Debug|Any CPU.ActiveCfg = Debug|Any CPU
		{3D4760D0-0362-425B-9F62-57858FF9733A}.Debug|Any CPU.Build.0 = Debug|Any CPU
		{3D4760D0-0362-425B-9F62-57858FF9733A}.Debug|x64.ActiveCfg = Debug|Any CPU
		{3D4760D0-0362-425B-9F62-57858FF9733A}.Debug|x64.Build.0 = Debug|Any CPU
		{3D4760D0-0362-425B-9F62-57858FF9733A}.Debug|x86.ActiveCfg = Debug|Any CPU
		{3D4760D0-0362-425B-9F62-57858FF9733A}.Debug|x86.Build.0 = Debug|Any CPU
		{3D4760D0-0362-425B-9F62-57858FF9733A}.Release|Any CPU.ActiveCfg = Release|Any CPU
		{3D4760D0-0362-425B-9F62-57858FF9733A}.Release|Any CPU.Build.0 = Release|Any CPU
		{3D4760D0-0362-425B-9F62-57858FF9733A}.Release|x64.ActiveCfg = Release|Any CPU
		{3D4760D0-0362-425B-9F62-57858FF9733A}.Release|x64.Build.0 = Release|Any CPU
		{3D4760D0-0362-425B-9F62-57858FF9733A}.Release|x86.ActiveCfg = Release|Any CPU
		{3D4760D0-0362-425B-9F62-57858FF9733A}.Release|x86.Build.0 = Release|Any CPU
		{7EF4F715-0509-4357-B4CA-5B0E6D70D06B}.Debug|Any CPU.ActiveCfg = Debug|Any CPU
		{7EF4F715-0509-4357-B4CA-5B0E6D70D06B}.Debug|Any CPU.Build.0 = Debug|Any CPU
		{7EF4F715-0509-4357-B4CA-5B0E6D70D06B}.Debug|x64.ActiveCfg = Debug|Any CPU
		{7EF4F715-0509-4357-B4CA-5B0E6D70D06B}.Debug|x64.Build.0 = Debug|Any CPU
		{7EF4F715-0509-4357-B4CA-5B0E6D70D06B}.Debug|x86.ActiveCfg = Debug|Any CPU
		{7EF4F715-0509-4357-B4CA-5B0E6D70D06B}.Debug|x86.Build.0 = Debug|Any CPU
		{7EF4F715-0509-4357-B4CA-5B0E6D70D06B}.Release|Any CPU.ActiveCfg = Release|Any CPU
		{7EF4F715-0509-4357-B4CA-5B0E6D70D06B}.Release|Any CPU.Build.0 = Release|Any CPU
		{7EF4F715-0509-4357-B4CA-5B0E6D70D06B}.Release|x64.ActiveCfg = Release|Any CPU
		{7EF4F715-0509-4357-B4CA-5B0E6D70D06B}.Release|x64.Build.0 = Release|Any CPU
		{7EF4F715-0509-4357-B4CA-5B0E6D70D06B}.Release|x86.ActiveCfg = Release|Any CPU
		{7EF4F715-0509-4357-B4CA-5B0E6D70D06B}.Release|x86.Build.0 = Release|Any CPU
		{92BFC3E1-7814-4A27-94CD-43229EE4827C}.Debug|Any CPU.ActiveCfg = Debug|Any CPU
		{92BFC3E1-7814-4A27-94CD-43229EE4827C}.Debug|Any CPU.Build.0 = Debug|Any CPU
		{92BFC3E1-7814-4A27-94CD-43229EE4827C}.Debug|x64.ActiveCfg = Debug|Any CPU
		{92BFC3E1-7814-4A27-94CD-43229EE4827C}.Debug|x64.Build.0 = Debug|Any CPU
		{92BFC3E1-7814-4A27-94CD-43229EE4827C}.Debug|x86.ActiveCfg = Debug|Any CPU
		{92BFC3E1-7814-4A27-94CD-43229EE4827C}.Debug|x86.Build.0 = Debug|Any CPU
		{92BFC3E1-7814-4A27-94CD-43229EE4827C}.Release|Any CPU.ActiveCfg = Release|Any CPU
		{92BFC3E1-7814-4A27-94CD-43229EE4827C}.Release|Any CPU.Build.0 = Release|Any CPU
		{92BFC3E1-7814-4A27-94CD-43229EE4827C}.Release|x64.ActiveCfg = Release|Any CPU
		{92BFC3E1-7814-4A27-94CD-43229EE4827C}.Release|x64.Build.0 = Release|Any CPU
		{92BFC3E1-7814-4A27-94CD-43229EE4827C}.Release|x86.ActiveCfg = Release|Any CPU
		{92BFC3E1-7814-4A27-94CD-43229EE4827C}.Release|x86.Build.0 = Release|Any CPU
	EndGlobalSection
EndGlobal
